github.com/kmcsr/go-util v0.0.0-20211109035705-94b956a968f8 h1:FeG3B1qMcxKML18AHiCzrd/QZdIUOVVrgJJuDgoT0Qw=
github.com/kmcsr/go-util v0.0.0-20211109035705-94b956a968f8/go.mod h1:FjXlGuc5IoUTWQEXj30YuEzoz8DI9uaNKPcXQSqks4Q=
github.com/kmcsr/go-util v0.0.0-20211120151620-38f3d60d5621 h1:2yfKgP5y12AijfRQiGvRa7Hp6qN4YC0a+RS9/QmIGD8=
github.com/kmcsr/go-util v0.0.0-20211120151620-38f3d60d5621/go.mod h1:FjXlGuc5IoUTWQEXj30YuEzoz8DI9uaNKPcXQSqks4Q=
github.com/kmcsr/go-util v0.0.0-20211120151938-cc2514ddbba0 h1:nlAN/8uBd117rI/07osALyD6zk0FJcDiZODsMx6dI7w=
github.com/kmcsr/go-util v0.0.0-20211120151938-cc2514ddbba0/go.mod h1:FjXlGuc5IoUTWQEXj30YuEzoz8DI9uaNKPcXQSqks4Q=
github.com/kmcsr/gquery v0.2.2 h1:mlTUmPZzjiwkLjRxBzCSFfCdZc4/HDcp1DO/Oj528Bs=
github.com/kmcsr/gquery v0.2.2/go.mod h1:u/RWLepfElPJoU3jCV9k7yckft64W6qyHdYErZssO0o=
golang.org/x/crypto v0.0.0-20211108221036-ceb1ce70b4fa/go.mod h1:GvvjBRRGRdwPK5ydBHafDWAxML/pGHZbMvKqRZ5+Abc=
golang.org/x/net v0.0.0-20210226172049-e18ecbb05110/go.mod h1:m0MpNAwzfU5UDzcl9v0D8zg8gWTRqZa9RBIspLL5mdg=
golang.org/x/sys v0.0.0-20201119102817-f84b799fce68/go.mod h1:h1NjWce9XRLGQEsW7wpKNCjG9DtNlClVuFLEZdDNbEs=
golang.org/x/sys v0.0.0-20210615035016-665e8c7367d1/go.mod h1:oPkhp1MJrh7nUepCBck5+mAzfO9JrbApNNgaTdGDITg=
golang.org/x/term v0.0.0-20201126162022-7de9c90e9dd1/go.mod h1:bj7SfCRtBDWHUb9snDiAeCFNEtKQo2Wmx5Cou7ajbmo=
golang.org/x/term v0.0.0-20210927222741-03fcf44c2211/go.mod h1:jbD1KX2456YbFQfuXm/mYQcufACuNUgVhRMnK/tPxf8=
golang.org/x/text v0.3.3/go.mod h1:5Zoc/QRtKVWzQhOtBMvqHzDpF6irO9z98xDceosuGiQ=
golang.org/x/tools v0.0.0-20180917221912-90fa682c2a6e/go.mod h1:n7NCudcB/nEzxVGmLbDWY5pfWTLqBcC2KZ6jyYvM4mQ=
gopkg.in/alexcesaro/quotedprintable.v3 v3.0.0-20150716171945-2caba252f4dc/go.mod h1:m7x9LTH6d71AHyAX77c9yqWCCa3UKHcVEj9y7hAtKDk=
gopkg.in/gomail.v2 v2.0.0-20160411212932-81ebce5c23df/go.mod h1:LRQQ+SO6ZHR7tOkpBDuZnXENFzX8qRjMDMyPD6BRkCw=
